lockfileVersion: '9.0'

settings:
  autoInstallPeers: true
  excludeLinksFromLockfile: false

importers:

  .:
    dependencies:
      '@agentclientprotocol/sdk':
        specifier: 0.12.0
        version: 0.12.0(zod@4.3.6)
    devDependencies:
      '@types/node':
        specifier: 25.0.1
        version: 25.0.1
      typescript:
        specifier: 5.9.3
        version: 5.9.3

packages:

  '@agentclientprotocol/sdk@0.12.0':
    resolution: {integrity: sha512-V8uH/KK1t7utqyJmTA7y7DzKu6+jKFIXM+ZVouz8E55j8Ej2RV42rEvPKn3/PpBJlliI5crcGk1qQhZ7VwaepA==}
    peerDependencies:
      zod: ^3.25.0 || ^4.0.0

  '@types/node@25.0.1':
    resolution: {integrity: sha512-czWPzKIAXucn9PtsttxmumiQ9N0ok9FrBwgRWrwmVLlp86BrMExzvXRLFYRJ+Ex3g6yqj+KuaxfX1JTgV2lpfg==}

  typescript@5.9.3:
    resolution: {integrity: sha512-jl1vZzPDinLr9eUt3J/t7V6FgNEw9QjvBPdysz9KfQDD41fQrC2Y4vKQdiaUpFT4bXlb1RHhLpp8wtm6M5TgSw==}
    engines: {node: '>=14.17'}
    hasBin: true

  undici-types@7.16.0:
    resolution: {integrity: sha512-Zz+aZWSj8LE6zoxD+xrjh4VfkIG8Ya6LvYkZqtUQGJPZjYl53ypCaUwWqo7eI0x66KBGeRo+mlBEkMSeSZ38Nw==}

  zod@4.3.6:
    resolution: {integrity: sha512-rftlrkhHZOcjDwkGlnUtZZkvaPHCsDATp4pGpuOOMDaTdDDXF91wuVDJoWoPsKX/3YPQ5fHuF3STjcYyKr+Qhg==}

snapshots:

  '@agentclientprotocol/sdk@0.12.0(zod@4.3.6)':
    dependencies:
      zod: 4.3.6

  '@types/node@25.0.1':
    dependencies:
      undici-types: 7.16.0

  typescript@5.9.3: {}

  undici-types@7.16.0: {}

  zod@4.3.6: {}
